
Microsoft Visual Studio Solution File, Format Version 12.00
# Visual Studio Version 16
VisualStudioVersion = 16.0.30503.244
MinimumVisualStudioVersion = 10.0.40219.1
Project("{9A19103F-16F7-4668-BE54-9A1E7A4F7556}") = "Frightos_Task", "Frightos_Task.csproj", "{1BE8DED5-80F2-4FFF-B852-D08A95A7F802}"
EndProject
Global
	GlobalSection(SolutionConfigurationPlatforms) = preSolution
		Debug|Any CPU = Debug|Any CPU
		Release|Any CPU = Release|Any CPU
	EndGlobalSection
	GlobalSection(ProjectConfigurationPlatforms) = postSolution
		{1BE8DED5-80F2-4FFF-B852-D08A95A7F802}.Debug|Any CPU.ActiveCfg = Debug|Any CPU
		{1BE8DED5-80F2-4FFF-B852-D08A95A7F802}.Debug|Any CPU.Build.0 = Debug|Any CPU
		{1BE8DED5-80F2-4FFF-B852-D08A95A7F802}.Release|Any CPU.ActiveCfg = Release|Any CPU
		{1BE8DED5-80F2-4FFF-B852-D08A95A7F802}.Release|Any CPU.Build.0 = Release|Any CPU
	EndGlobalSection
	GlobalSection(SolutionProperties) = preSolution
		HideSolutionNode = FALSE
	EndGlobalSection
	GlobalSection(ExtensibilityGlobals) = postSolution
		SolutionGuid = {921C988E-FEFD-44A1-ACA1-77C42495A83D}
	EndGlobalSection
EndGlobal
